PODS:
  - Alamofire (4.8.2)
  - AlamofireImage (3.5.2):
    - Alamofire (~> 4.8)
  - CrossroadRegex (1.1.0)
  - ScrollingPageControl (0.1.1)
  - Siren (5.2.3)

DEPENDENCIES:
  - Alamofire
  - AlamofireImage
  - CrossroadRegex
  - ScrollingPageControl
  - Siren

SPEC REPOS:
  https://github.com/CocoaPods/Specs.git:
    - Alamofire
    - AlamofireImage
    - CrossroadRegex
    - ScrollingPageControl
  trunk:
    - Siren

SPEC CHECKSUMS:
  Alamofire: ae5c501addb7afdbb13687d7f2f722c78734c2d3
  AlamofireImage: 63cfe3baf1370be6c498149687cf6db3e3b00999
  CrossroadRegex: 5eaadb3f7b4014728f1cbd1014756b126c1dbd9a
  ScrollingPageControl: 7642e1f842000eeccf8bc47a5718e4b678e10f10
  Siren: 996f37869eae1f343f8c11f17d90c9c8da90bd4c

PODFILE CHECKSUM: 54d569f07313c2316ba829b6d582d2848250ce9a

COCOAPODS: 1.8.4
